<?xml version="1.0" encoding="utf-8"?>
<Project ToolsVersion="4.0" xmlns="http://schemas.microsoft.com/developer/msbuild/2003">
  <ItemGroup>
    <ClCompile Include="main.cpp" />
    <ClCompile Include="GraphicsPipelineCreator.cpp" />
    <ClCompile Include="RenderPassCreator.cpp" />
    <ClCompile Include="SimpleTriangleWithIndexBufferApp.cpp" />
  </ItemGroup>
  <ItemGroup>
    <ClInclude Include="GraphicsPipelineCreator.h" />
    <ClInclude Include="RenderPassCreator.h" />
    <ClInclude Include="SimpleTriangleWithIndexBufferApp.h" />
  </ItemGroup>
</Project>