<?xml version="1.0" encoding="utf-8"?>
<Project ToolsVersion="4.0" xmlns="http://schemas.microsoft.com/developer/msbuild/2003">
  <ItemGroup>
    <ClCompile Include="DebugMessenger.cpp" />
    <ClCompile Include="SwapChain.cpp" />
    <ClCompile Include="Window.cpp" />
    <ClCompile Include="vertex\PosColorVertex.cpp">
      <Filter>vertex</Filter>
    </ClCompile>
    <ClCompile Include="Instance.cpp" />
    <ClCompile Include="pipeline_stage\VertexInputState.cpp">
      <Filter>pipeline_stage</Filter>
    </ClCompile>
    <ClCompile Include="pipeline_stage\InputAssemblyState.cpp">
      <Filter>pipeline_stage</Filter>
    </ClCompile>
    <ClCompile Include="pipeline_stage\RasterizationState.cpp">
      <Filter>pipeline_stage</Filter>
    </ClCompile>
    <ClCompile Include="pipeline_stage\MultisampleState.cpp">
      <Filter>pipeline_stage</Filter>
    </ClCompile>
    <ClCompile Include="pipeline_stage\ColorBlendState.cpp">
      <Filter>pipeline_stage</Filter>
    </ClCompile>
    <ClCompile Include="pipeline_stage\ColorBlendAttachmentState.cpp">
      <Filter>pipeline_stage</Filter>
    </ClCompile>
    <ClCompile Include="pipeline_stage\DepthStencilState.cpp">
      <Filter>pipeline_stage</Filter>
    </ClCompile>
    <ClCompile Include="pipeline_stage\TessellationState.cpp">
      <Filter>pipeline_stage</Filter>
    </ClCompile>
    <ClCompile Include="pipeline_stage\DynamicState.cpp">
      <Filter>pipeline_stage</Filter>
    </ClCompile>
    <ClCompile Include="pipeline_stage\ViewportState.cpp">
      <Filter>pipeline_stage</Filter>
    </ClCompile>
    <ClCompile Include="pipeline_stage\PipelineStates.cpp">
      <Filter>pipeline_stage</Filter>
    </ClCompile>
    <ClCompile Include="device\LogicalDevice.cpp">
      <Filter>device</Filter>
    </ClCompile>
    <ClCompile Include="device\PhysicalDevice.cpp">
      <Filter>device</Filter>
    </ClCompile>
    <ClCompile Include="device\PhysicalDeviceData.cpp">
      <Filter>device</Filter>
    </ClCompile>
    <ClCompile Include="render_pass\RenderPass.cpp">
      <Filter>render_pass</Filter>
    </ClCompile>
    <ClCompile Include="render_pass\SubpassDescription.cpp">
      <Filter>render_pass</Filter>
    </ClCompile>
    <ClCompile Include="resource\Buffer.cpp">
      <Filter>resource</Filter>
    </ClCompile>
    <ClCompile Include="resource\Buffers.cpp">
      <Filter>resource</Filter>
    </ClCompile>
    <ClCompile Include="resource\DeviceMemory.cpp">
      <Filter>resource</Filter>
    </ClCompile>
    <ClCompile Include="sync\Fences.cpp">
      <Filter>sync</Filter>
    </ClCompile>
    <ClCompile Include="sync\Semaphores.cpp">
      <Filter>sync</Filter>
    </ClCompile>
    <ClCompile Include="command\CommandBuffer.cpp">
      <Filter>command</Filter>
    </ClCompile>
    <ClCompile Include="command\CommandBuffers.cpp">
      <Filter>command</Filter>
    </ClCompile>
    <ClCompile Include="command\CommandPool.cpp">
      <Filter>command</Filter>
    </ClCompile>
    <ClCompile Include="pipeline\GraphicsPipeline.cpp">
      <Filter>pipeline</Filter>
    </ClCompile>
    <ClCompile Include="shader\ShaderModule.cpp">
      <Filter>shader</Filter>
    </ClCompile>
    <ClCompile Include="shader\ShaderModuleSystem.cpp">
      <Filter>shader</Filter>
    </ClCompile>
    <ClCompile Include="shader\ShaderStages.cpp">
      <Filter>shader</Filter>
    </ClCompile>
    <ClCompile Include="descriptor\DescriptorPool.cpp">
      <Filter>descriptor</Filter>
    </ClCompile>
    <ClCompile Include="descriptor\DescriptorSetLayout.cpp">
      <Filter>descriptor</Filter>
    </ClCompile>
    <ClCompile Include="descriptor\DescriptorSetLayoutBinding.cpp">
      <Filter>descriptor</Filter>
    </ClCompile>
    <ClCompile Include="descriptor\DescriptorSets.cpp">
      <Filter>descriptor</Filter>
    </ClCompile>
    <ClCompile Include="descriptor\WriteDescriptorSet.cpp">
      <Filter>descriptor</Filter>
    </ClCompile>
    <ClCompile Include="descriptor\CopyDescriptorSet.cpp">
      <Filter>descriptor</Filter>
    </ClCompile>
    <ClCompile Include="resource\Image.cpp">
      <Filter>resource</Filter>
    </ClCompile>
    <ClCompile Include="resource\ImageMemoryBarrier.cpp">
      <Filter>resource</Filter>
    </ClCompile>
    <ClCompile Include="resource\ImageSystem.cpp">
      <Filter>resource</Filter>
    </ClCompile>
    <ClCompile Include="DebugUtils.cpp" />
    <ClCompile Include="resource\ImageView.cpp">
      <Filter>resource</Filter>
    </ClCompile>
    <ClCompile Include="vertex\PosTexCoordVertex.cpp">
      <Filter>vertex</Filter>
    </ClCompile>
    <ClCompile Include="SystemInitializer.cpp" />
  </ItemGroup>
  <ItemGroup>
    <ClInclude Include="DebugMessenger.h" />
    <ClInclude Include="DebugUtils.h" />
    <ClInclude Include="SwapChain.h" />
    <ClInclude Include="Window.h" />
    <ClInclude Include="vertex\PosColorVertex.h">
      <Filter>vertex</Filter>
    </ClInclude>
    <ClInclude Include="Instance.h" />
    <ClInclude Include="pipeline_stage\VertexInputState.h">
      <Filter>pipeline_stage</Filter>
    </ClInclude>
    <ClInclude Include="pipeline_stage\InputAssemblyState.h">
      <Filter>pipeline_stage</Filter>
    </ClInclude>
    <ClInclude Include="pipeline_stage\RasterizationState.h">
      <Filter>pipeline_stage</Filter>
    </ClInclude>
    <ClInclude Include="pipeline_stage\MultisampleState.h">
      <Filter>pipeline_stage</Filter>
    </ClInclude>
    <ClInclude Include="pipeline_stage\ColorBlendState.h">
      <Filter>pipeline_stage</Filter>
    </ClInclude>
    <ClInclude Include="pipeline_stage\ColorBlendAttachmentState.h">
      <Filter>pipeline_stage</Filter>
    </ClInclude>
    <ClInclude Include="pipeline_stage\DepthStencilState.h">
      <Filter>pipeline_stage</Filter>
    </ClInclude>
    <ClInclude Include="pipeline_stage\TessellationState.h">
      <Filter>pipeline_stage</Filter>
    </ClInclude>
    <ClInclude Include="pipeline_stage\DynamicState.h">
      <Filter>pipeline_stage</Filter>
    </ClInclude>
    <ClInclude Include="pipeline_stage\ViewportState.h">
      <Filter>pipeline_stage</Filter>
    </ClInclude>
    <ClInclude Include="pipeline_stage\PipelineStates.h">
      <Filter>pipeline_stage</Filter>
    </ClInclude>
    <ClInclude Include="device\LogicalDevice.h">
      <Filter>device</Filter>
    </ClInclude>
    <ClInclude Include="device\PhysicalDevice.h">
      <Filter>device</Filter>
    </ClInclude>
    <ClInclude Include="device\PhysicalDeviceData.h">
      <Filter>device</Filter>
    </ClInclude>
    <ClInclude Include="render_pass\RenderPass.h">
      <Filter>render_pass</Filter>
    </ClInclude>
    <ClInclude Include="render_pass\SubpassDescription.h">
      <Filter>render_pass</Filter>
    </ClInclude>
    <ClInclude Include="resource\Buffer.h">
      <Filter>resource</Filter>
    </ClInclude>
    <ClInclude Include="resource\Buffers.h">
      <Filter>resource</Filter>
    </ClInclude>
    <ClInclude Include="resource\DeviceMemory.h">
      <Filter>resource</Filter>
    </ClInclude>
    <ClInclude Include="sync\Fences.h">
      <Filter>sync</Filter>
    </ClInclude>
    <ClInclude Include="sync\Semaphores.h">
      <Filter>sync</Filter>
    </ClInclude>
    <ClInclude Include="command\CommandBuffer.h">
      <Filter>command</Filter>
    </ClInclude>
    <ClInclude Include="command\CommandBuffers.h">
      <Filter>command</Filter>
    </ClInclude>
    <ClInclude Include="command\CommandPool.h">
      <Filter>command</Filter>
    </ClInclude>
    <ClInclude Include="pipeline\GraphicsPipeline.h">
      <Filter>pipeline</Filter>
    </ClInclude>
    <ClInclude Include="shader\ShaderModule.h">
      <Filter>shader</Filter>
    </ClInclude>
    <ClInclude Include="shader\ShaderModuleSystem.h">
      <Filter>shader</Filter>
    </ClInclude>
    <ClInclude Include="shader\ShaderStages.h">
      <Filter>shader</Filter>
    </ClInclude>
    <ClInclude Include="descriptor\DescriptorPool.h">
      <Filter>descriptor</Filter>
    </ClInclude>
    <ClInclude Include="descriptor\DescriptorSetLayout.h">
      <Filter>descriptor</Filter>
    </ClInclude>
    <ClInclude Include="descriptor\DescriptorSetLayoutBinding.h">
      <Filter>descriptor</Filter>
    </ClInclude>
    <ClInclude Include="descriptor\DescriptorSets.h">
      <Filter>descriptor</Filter>
    </ClInclude>
    <ClInclude Include="descriptor\WriteDescriptorSet.h">
      <Filter>descriptor</Filter>
    </ClInclude>
    <ClInclude Include="descriptor\CopyDescriptorSet.h">
      <Filter>descriptor</Filter>
    </ClInclude>
    <ClInclude Include="resource\Image.h">
      <Filter>resource</Filter>
    </ClInclude>
    <ClInclude Include="resource\ImageMemoryBarrier.h">
      <Filter>resource</Filter>
    </ClInclude>
    <ClInclude Include="resource\ImageSystem.h">
      <Filter>resource</Filter>
    </ClInclude>
    <ClInclude Include="resource\ImageView.h">
      <Filter>resource</Filter>
    </ClInclude>
    <ClInclude Include="vertex\PosTexCoordVertex.h">
      <Filter>vertex</Filter>
    </ClInclude>
    <ClInclude Include="SystemInitializer.h" />
  </ItemGroup>
  <ItemGroup>
    <Filter Include="vertex">
      <UniqueIdentifier>{607ff5e5-1de1-411c-830d-51e93f91f22f}</UniqueIdentifier>
    </Filter>
    <Filter Include="pipeline_stage">
      <UniqueIdentifier>{41d2809e-7e83-4cb5-bec5-3437e46d83de}</UniqueIdentifier>
    </Filter>
    <Filter Include="device">
      <UniqueIdentifier>{db5a2c64-da4a-4e7f-b71b-da28b37a3bdb}</UniqueIdentifier>
    </Filter>
    <Filter Include="render_pass">
      <UniqueIdentifier>{b9d99425-7c1b-49a3-8f1c-d86fb22a0256}</UniqueIdentifier>
    </Filter>
    <Filter Include="resource">
      <UniqueIdentifier>{5f27a43c-0c6a-4ae9-9ad7-4cdf9b2d9d93}</UniqueIdentifier>
    </Filter>
    <Filter Include="sync">
      <UniqueIdentifier>{0877aaff-82c1-4d43-9600-09c1b6c032bc}</UniqueIdentifier>
    </Filter>
    <Filter Include="pipeline">
      <UniqueIdentifier>{8c89773a-a00c-474d-8a96-0a3bd99189e5}</UniqueIdentifier>
    </Filter>
    <Filter Include="command">
      <UniqueIdentifier>{5c4d4d16-fadd-4c97-b80a-fcc715d3d3c3}</UniqueIdentifier>
    </Filter>
    <Filter Include="shader">
      <UniqueIdentifier>{ad34e20b-2438-4b7b-9d30-adfedbaef52c}</UniqueIdentifier>
    </Filter>
    <Filter Include="descriptor">
      <UniqueIdentifier>{bec30087-1a97-4937-b5a4-bbdb16eaf623}</UniqueIdentifier>
    </Filter>
  </ItemGroup>
</Project>