<?xml version="1.0" encoding="utf-8"?>
<Project ToolsVersion="4.0" xmlns="http://schemas.microsoft.com/developer/msbuild/2003">
  <ItemGroup>
    <Filter Include="device">
      <UniqueIdentifier>{9a2ce4ef-f2b9-4796-9cd0-d99b2675fd0c}</UniqueIdentifier>
    </Filter>
    <Filter Include="pipeline">
      <UniqueIdentifier>{2c430cf1-3dea-4277-b6b0-f60454b1e2e2}</UniqueIdentifier>
    </Filter>
    <Filter Include="resource">
      <UniqueIdentifier>{af020856-4bba-4ba2-b079-65815101df67}</UniqueIdentifier>
    </Filter>
    <Filter Include="shader">
      <UniqueIdentifier>{bd00c7f9-1504-4fa1-b59f-9ec3f9169d99}</UniqueIdentifier>
    </Filter>
    <Filter Include="sync">
      <UniqueIdentifier>{570039db-9f8a-426c-b7b4-7e880cfea6b9}</UniqueIdentifier>
    </Filter>
    <Filter Include="vertex">
      <UniqueIdentifier>{f3d62d02-27f0-4947-b987-6f8859ab4fac}</UniqueIdentifier>
    </Filter>
  </ItemGroup>
  <ItemGroup>
    <ClCompile Include="device\LogicalDevice.cpp">
      <Filter>device</Filter>
    </ClCompile>
    <ClCompile Include="device\PhysicalDevice.cpp">
      <Filter>device</Filter>
    </ClCompile>
    <ClCompile Include="device\PhysicalDeviceData.cpp">
      <Filter>device</Filter>
    </ClCompile>
    <ClCompile Include="pipeline\ColorBlendAttachmentState.cpp">
      <Filter>pipeline</Filter>
    </ClCompile>
    <ClCompile Include="pipeline\ColorBlendState.cpp">
      <Filter>pipeline</Filter>
    </ClCompile>
    <ClCompile Include="pipeline\DepthStencilState.cpp">
      <Filter>pipeline</Filter>
    </ClCompile>
    <ClCompile Include="pipeline\DynamicState.cpp">
      <Filter>pipeline</Filter>
    </ClCompile>
    <ClCompile Include="pipeline\InputAssemblyState.cpp">
      <Filter>pipeline</Filter>
    </ClCompile>
    <ClCompile Include="pipeline\MultisampleState.cpp">
      <Filter>pipeline</Filter>
    </ClCompile>
    <ClCompile Include="pipeline\PipelineStates.cpp">
      <Filter>pipeline</Filter>
    </ClCompile>
    <ClCompile Include="pipeline\RasterizationState.cpp">
      <Filter>pipeline</Filter>
    </ClCompile>
    <ClCompile Include="pipeline\TessellationState.cpp">
      <Filter>pipeline</Filter>
    </ClCompile>
    <ClCompile Include="pipeline\VertexInputState.cpp">
      <Filter>pipeline</Filter>
    </ClCompile>
    <ClCompile Include="pipeline\ViewportState.cpp">
      <Filter>pipeline</Filter>
    </ClCompile>
    <ClCompile Include="pipeline\GraphicsPipeline.cpp">
      <Filter>pipeline</Filter>
    </ClCompile>
    <ClCompile Include="resource\Buffer.cpp">
      <Filter>resource</Filter>
    </ClCompile>
    <ClCompile Include="resource\Image.cpp">
      <Filter>resource</Filter>
    </ClCompile>
    <ClCompile Include="resource\ImageSystem.cpp">
      <Filter>resource</Filter>
    </ClCompile>
    <ClCompile Include="shader\ShaderModule.cpp">
      <Filter>shader</Filter>
    </ClCompile>
    <ClCompile Include="shader\ShaderModuleSystem.cpp">
      <Filter>shader</Filter>
    </ClCompile>
    <ClCompile Include="shader\ShaderStages.cpp">
      <Filter>shader</Filter>
    </ClCompile>
    <ClCompile Include="sync\Fences.cpp">
      <Filter>sync</Filter>
    </ClCompile>
    <ClCompile Include="sync\Semaphores.cpp">
      <Filter>sync</Filter>
    </ClCompile>
    <ClCompile Include="vertex\PosColorVertex.cpp">
      <Filter>vertex</Filter>
    </ClCompile>
    <ClCompile Include="vertex\PosTexCoordVertex.cpp">
      <Filter>vertex</Filter>
    </ClCompile>
    <ClCompile Include="DebugMessenger.cpp" />
    <ClCompile Include="Instance.cpp" />
    <ClCompile Include="SwapChain.cpp" />
    <ClCompile Include="SystemInitializer.cpp" />
    <ClCompile Include="Window.cpp" />
    <ClCompile Include="resource\ModelSystem.cpp">
      <Filter>resource</Filter>
    </ClCompile>
    <ClCompile Include="CommandPools.cpp" />
  </ItemGroup>
  <ItemGroup>
    <ClInclude Include="device\LogicalDevice.h">
      <Filter>device</Filter>
    </ClInclude>
    <ClInclude Include="device\PhysicalDevice.h">
      <Filter>device</Filter>
    </ClInclude>
    <ClInclude Include="device\PhysicalDeviceData.h">
      <Filter>device</Filter>
    </ClInclude>
    <ClInclude Include="pipeline\ColorBlendAttachmentState.h">
      <Filter>pipeline</Filter>
    </ClInclude>
    <ClInclude Include="pipeline\ColorBlendState.h">
      <Filter>pipeline</Filter>
    </ClInclude>
    <ClInclude Include="pipeline\DepthStencilState.h">
      <Filter>pipeline</Filter>
    </ClInclude>
    <ClInclude Include="pipeline\DynamicState.h">
      <Filter>pipeline</Filter>
    </ClInclude>
    <ClInclude Include="pipeline\InputAssemblyState.h">
      <Filter>pipeline</Filter>
    </ClInclude>
    <ClInclude Include="pipeline\MultisampleState.h">
      <Filter>pipeline</Filter>
    </ClInclude>
    <ClInclude Include="pipeline\PipelineStates.h">
      <Filter>pipeline</Filter>
    </ClInclude>
    <ClInclude Include="pipeline\RasterizationState.h">
      <Filter>pipeline</Filter>
    </ClInclude>
    <ClInclude Include="pipeline\TessellationState.h">
      <Filter>pipeline</Filter>
    </ClInclude>
    <ClInclude Include="pipeline\VertexInputState.h">
      <Filter>pipeline</Filter>
    </ClInclude>
    <ClInclude Include="pipeline\ViewportState.h">
      <Filter>pipeline</Filter>
    </ClInclude>
    <ClInclude Include="pipeline\GraphicsPipeline.h">
      <Filter>pipeline</Filter>
    </ClInclude>
    <ClInclude Include="resource\Buffer.h">
      <Filter>resource</Filter>
    </ClInclude>
    <ClInclude Include="resource\Image.h">
      <Filter>resource</Filter>
    </ClInclude>
    <ClInclude Include="resource\ImageSystem.h">
      <Filter>resource</Filter>
    </ClInclude>
    <ClInclude Include="shader\ShaderModule.h">
      <Filter>shader</Filter>
    </ClInclude>
    <ClInclude Include="shader\ShaderModuleSystem.h">
      <Filter>shader</Filter>
    </ClInclude>
    <ClInclude Include="shader\ShaderStages.h">
      <Filter>shader</Filter>
    </ClInclude>
    <ClInclude Include="sync\Fences.h">
      <Filter>sync</Filter>
    </ClInclude>
    <ClInclude Include="sync\Semaphores.h">
      <Filter>sync</Filter>
    </ClInclude>
    <ClInclude Include="vertex\PosColorVertex.h">
      <Filter>vertex</Filter>
    </ClInclude>
    <ClInclude Include="vertex\PosTexCoordVertex.h">
      <Filter>vertex</Filter>
    </ClInclude>
    <ClInclude Include="DebugMessenger.h" />
    <ClInclude Include="Instance.h" />
    <ClInclude Include="SwapChain.h" />
    <ClInclude Include="SystemInitializer.h" />
    <ClInclude Include="Window.h" />
    <ClInclude Include="resource\Model.h">
      <Filter>resource</Filter>
    </ClInclude>
    <ClInclude Include="resource\ModelSystem.h">
      <Filter>resource</Filter>
    </ClInclude>
    <ClInclude Include="CommandPools.h" />
  </ItemGroup>
</Project>