<?xml version="1.0" encoding="utf-8"?>
<Project ToolsVersion="4.0" xmlns="http://schemas.microsoft.com/developer/msbuild/2003">
  <ItemGroup>
    <ClCompile Include="BaseApp.cpp" />
    <ClCompile Include="Buffer.cpp" />
    <ClCompile Include="Buffers.cpp" />
    <ClCompile Include="CommandBuffer.cpp" />
    <ClCompile Include="CommandBuffers.cpp" />
    <ClCompile Include="CommandPool.cpp" />
    <ClCompile Include="DebugMessenger.cpp" />
    <ClCompile Include="DescriptorSetLayout.cpp" />
    <ClCompile Include="DeviceMemory.cpp" />
    <ClCompile Include="Fence.cpp" />
    <ClCompile Include="Fences.cpp" />
    <ClCompile Include="FrameBuffers.cpp" />
    <ClCompile Include="GraphicsPipeline.cpp" />
    <ClCompile Include="LogicalDevice.cpp" />
    <ClCompile Include="PhysicalDevice.cpp" />
    <ClCompile Include="PipelineLayout.cpp" />
    <ClCompile Include="RenderPass.cpp" />
    <ClCompile Include="Semaphore.cpp" />
    <ClCompile Include="Semaphores.cpp" />
    <ClCompile Include="ShaderModule.cpp" />
    <ClCompile Include="Surface.cpp" />
    <ClCompile Include="SwapChain.cpp" />
    <ClCompile Include="SystemManager.cpp" />
    <ClCompile Include="Window.cpp" />
    <ClCompile Include="vertex\PosColorVertex.cpp">
      <Filter>vertex</Filter>
    </ClCompile>
    <ClCompile Include="DescriptorPool.cpp" />
    <ClCompile Include="DescriptorSets.cpp" />
    <ClCompile Include="Instance.cpp" />
    <ClCompile Include="PhysicalDeviceData.cpp" />
    <ClCompile Include="pipeline_stage\VertexInputState.cpp">
      <Filter>pipeline_stage</Filter>
    </ClCompile>
    <ClCompile Include="pipeline_stage\InputAssemblyState.cpp">
      <Filter>pipeline_stage</Filter>
    </ClCompile>
    <ClCompile Include="pipeline_stage\RasterizationState.cpp">
      <Filter>pipeline_stage</Filter>
    </ClCompile>
    <ClCompile Include="pipeline_stage\MultisampleState.cpp">
      <Filter>pipeline_stage</Filter>
    </ClCompile>
    <ClCompile Include="pipeline_stage\ColorBlendState.cpp">
      <Filter>pipeline_stage</Filter>
    </ClCompile>
    <ClCompile Include="pipeline_stage\ColorBlendAttachmentState.cpp">
      <Filter>pipeline_stage</Filter>
    </ClCompile>
    <ClCompile Include="pipeline_stage\DepthStencilState.cpp">
      <Filter>pipeline_stage</Filter>
    </ClCompile>
    <ClCompile Include="pipeline_stage\TessellationState.cpp">
      <Filter>pipeline_stage</Filter>
    </ClCompile>
    <ClCompile Include="pipeline_stage\DynamicState.cpp">
      <Filter>pipeline_stage</Filter>
    </ClCompile>
    <ClCompile Include="pipeline_stage\ShaderStages.cpp">
      <Filter>pipeline_stage</Filter>
    </ClCompile>
    <ClCompile Include="pipeline_stage\ViewportState.cpp">
      <Filter>pipeline_stage</Filter>
    </ClCompile>
    <ClCompile Include="pipeline_stage\PipelineStates.cpp">
      <Filter>pipeline_stage</Filter>
    </ClCompile>
    <ClCompile Include="system\ShaderModuleSystem.cpp">
      <Filter>system</Filter>
    </ClCompile>
  </ItemGroup>
  <ItemGroup>
    <ClInclude Include="BaseApp.h" />
    <ClInclude Include="Buffer.h" />
    <ClInclude Include="Buffers.h" />
    <ClInclude Include="CommandBuffer.h" />
    <ClInclude Include="CommandBuffers.h" />
    <ClInclude Include="CommandPool.h" />
    <ClInclude Include="CreatorDefinitions.h" />
    <ClInclude Include="DebugMessenger.h" />
    <ClInclude Include="DebugUtils.h" />
    <ClInclude Include="DescriptorSetLayout.h" />
    <ClInclude Include="DeviceMemory.h" />
    <ClInclude Include="Fence.h" />
    <ClInclude Include="Fences.h" />
    <ClInclude Include="FrameBuffers.h" />
    <ClInclude Include="GraphicsPipeline.h" />
    <ClInclude Include="LogicalDevice.h" />
    <ClInclude Include="PhysicalDevice.h" />
    <ClInclude Include="PipelineLayout.h" />
    <ClInclude Include="RenderPass.h" />
    <ClInclude Include="Semaphore.h" />
    <ClInclude Include="Semaphores.h" />
    <ClInclude Include="ShaderModule.h" />
    <ClInclude Include="Surface.h" />
    <ClInclude Include="SwapChain.h" />
    <ClInclude Include="SystemManager.h" />
    <ClInclude Include="Window.h" />
    <ClInclude Include="vertex\PosColorVertex.h">
      <Filter>vertex</Filter>
    </ClInclude>
    <ClInclude Include="DescriptorPool.h" />
    <ClInclude Include="DescriptorSets.h" />
    <ClInclude Include="Instance.h" />
    <ClInclude Include="PhysicalDeviceData.h" />
    <ClInclude Include="pipeline_stage\VertexInputState.h">
      <Filter>pipeline_stage</Filter>
    </ClInclude>
    <ClInclude Include="pipeline_stage\InputAssemblyState.h">
      <Filter>pipeline_stage</Filter>
    </ClInclude>
    <ClInclude Include="pipeline_stage\RasterizationState.h">
      <Filter>pipeline_stage</Filter>
    </ClInclude>
    <ClInclude Include="pipeline_stage\MultisampleState.h">
      <Filter>pipeline_stage</Filter>
    </ClInclude>
    <ClInclude Include="pipeline_stage\ColorBlendState.h">
      <Filter>pipeline_stage</Filter>
    </ClInclude>
    <ClInclude Include="pipeline_stage\ColorBlendAttachmentState.h">
      <Filter>pipeline_stage</Filter>
    </ClInclude>
    <ClInclude Include="pipeline_stage\DepthStencilState.h">
      <Filter>pipeline_stage</Filter>
    </ClInclude>
    <ClInclude Include="pipeline_stage\TessellationState.h">
      <Filter>pipeline_stage</Filter>
    </ClInclude>
    <ClInclude Include="pipeline_stage\DynamicState.h">
      <Filter>pipeline_stage</Filter>
    </ClInclude>
    <ClInclude Include="pipeline_stage\ShaderStages.h">
      <Filter>pipeline_stage</Filter>
    </ClInclude>
    <ClInclude Include="pipeline_stage\ViewportState.h">
      <Filter>pipeline_stage</Filter>
    </ClInclude>
    <ClInclude Include="pipeline_stage\PipelineStates.h">
      <Filter>pipeline_stage</Filter>
    </ClInclude>
    <ClInclude Include="system\ShaderModuleSystem.h">
      <Filter>system</Filter>
    </ClInclude>
  </ItemGroup>
  <ItemGroup>
    <Filter Include="vertex">
      <UniqueIdentifier>{607ff5e5-1de1-411c-830d-51e93f91f22f}</UniqueIdentifier>
    </Filter>
    <Filter Include="pipeline_stage">
      <UniqueIdentifier>{41d2809e-7e83-4cb5-bec5-3437e46d83de}</UniqueIdentifier>
    </Filter>
    <Filter Include="system">
      <UniqueIdentifier>{196156d4-2321-4548-a62b-65a34f1f4b04}</UniqueIdentifier>
    </Filter>
  </ItemGroup>
</Project>