
Microsoft Visual Studio Solution File, Format Version 12.00
# Visual Studio Version 16
VisualStudioVersion = 16.0.29123.88
MinimumVisualStudioVersion = 10.0.40219.1
Project("{8BC9CEB8-8B4A-11D0-8D11-00A0C91BC942}") = "VulkanTutorial", "VulkanTutorial\VulkanTutorial.vcxproj", "{919D636C-BAA9-43F6-B08A-7D99400A15AC}"
EndProject
Global
	GlobalSection(SolutionConfigurationPlatforms) = preSolution
		Debug|x64 = Debug|x64
		Debug|x86 = Debug|x86
		Release|x64 = Release|x64
		Release|x86 = Release|x86
	EndGlobalSection
	GlobalSection(ProjectConfigurationPlatforms) = postSolution
		{919D636C-BAA9-43F6-B08A-7D99400A15AC}.Debug|x64.ActiveCfg = Debug|x64
		{919D636C-BAA9-43F6-B08A-7D99400A15AC}.Debug|x64.Build.0 = Debug|x64
		{919D636C-BAA9-43F6-B08A-7D99400A15AC}.Debug|x86.ActiveCfg = Debug|Win32
		{919D636C-BAA9-43F6-B08A-7D99400A15AC}.Debug|x86.Build.0 = Debug|Win32
		{919D636C-BAA9-43F6-B08A-7D99400A15AC}.Release|x64.ActiveCfg = Release|x64
		{919D636C-BAA9-43F6-B08A-7D99400A15AC}.Release|x64.Build.0 = Release|x64
		{919D636C-BAA9-43F6-B08A-7D99400A15AC}.Release|x86.ActiveCfg = Release|Win32
		{919D636C-BAA9-43F6-B08A-7D99400A15AC}.Release|x86.Build.0 = Release|Win32
	EndGlobalSection
	GlobalSection(SolutionProperties) = preSolution
		HideSolutionNode = FALSE
	EndGlobalSection
	GlobalSection(ExtensibilityGlobals) = postSolution
		SolutionGuid = {A7AFFE32-C391-4992-ACB5-E7A92F59E2C5}
	EndGlobalSection
EndGlobal
