<?xml version="1.0" encoding="utf-8"?>
<Project ToolsVersion="4.0" xmlns="http://schemas.microsoft.com/developer/msbuild/2003">
  <ItemGroup>
    <ClCompile Include="main.cpp" />
    <ClCompile Include="..\..\utils\Window.cpp">
      <Filter>utils</Filter>
    </ClCompile>
    <ClCompile Include="..\..\utils\AppInstance.cpp">
      <Filter>utils</Filter>
    </ClCompile>
    <ClCompile Include="..\..\utils\DebugMessenger.cpp">
      <Filter>utils</Filter>
    </ClCompile>
    <ClCompile Include="..\..\utils\PhysicalDevice.cpp">
      <Filter>utils</Filter>
    </ClCompile>
  </ItemGroup>
  <ItemGroup>
    <Filter Include="utils">
      <UniqueIdentifier>{26d65a7a-4866-4769-acaa-33e596110ec7}</UniqueIdentifier>
    </Filter>
  </ItemGroup>
  <ItemGroup>
    <ClInclude Include="..\..\utils\Window.h">
      <Filter>utils</Filter>
    </ClInclude>
    <ClInclude Include="..\..\utils\AppInstance.h">
      <Filter>utils</Filter>
    </ClInclude>
    <ClInclude Include="..\..\utils\DebugUtils.h">
      <Filter>utils</Filter>
    </ClInclude>
    <ClInclude Include="..\..\utils\DebugMessenger.h">
      <Filter>utils</Filter>
    </ClInclude>
    <ClInclude Include="..\..\utils\PhysicalDevice.h">
      <Filter>utils</Filter>
    </ClInclude>
  </ItemGroup>
</Project>